
Microsoft Visual Studio Solution File, Format Version 12.00
# Visual Studio Version 17
VisualStudioVersion = 17.5.001.0
MinimumVisualStudioVersion = 10.0.40219.1
Project("{9A19103F-16F7-4668-BE54-9A1E7A4F7556}") = "task03_numberN", "task03_numberN.csproj", "{BA2684D6-388E-4215-BAA6-6847FD78FEAD}"
EndProject
Global
	GlobalSection(SolutionConfigurationPlatforms) = preSolution
		Debug|Any CPU = Debug|Any CPU
		Release|Any CPU = Release|Any CPU
	EndGlobalSection
	GlobalSection(ProjectConfigurationPlatforms) = postSolution
		{BA2684D6-388E-4215-BAA6-6847FD78FEAD}.Debug|Any CPU.ActiveCfg = Debug|Any CPU
		{BA2684D6-388E-4215-BAA6-6847FD78FEAD}.Debug|Any CPU.Build.0 = Debug|Any CPU
		{BA2684D6-388E-4215-BAA6-6847FD78FEAD}.Release|Any CPU.ActiveCfg = Release|Any CPU
		{BA2684D6-388E-4215-BAA6-6847FD78FEAD}.Release|Any CPU.Build.0 = Release|Any CPU
	EndGlobalSection
	GlobalSection(SolutionProperties) = preSolution
		HideSolutionNode = FALSE
	EndGlobalSection
	GlobalSection(ExtensibilityGlobals) = postSolution
		SolutionGuid = {9E8B8F6D-26E1-46FA-B0B2-297E4DDE1464}
	EndGlobalSection
EndGlobal
